github.com/google/gopacket v1.1.17 h1:rMrlX2ZY2UbvT+sdz3+6J+pp2z+msCq9MxTU6ymxbBY=
github.com/google/gopacket v1.1.17/go.mod h1:UdDNZ1OO62aGYVnPhxT1U6aI7ukYtA/kB8vaU0diBUM=
github.com/signintech/gopdf v0.9.4 h1:Cu4bK150wgeuRrMrni0LN+0OacIfq5fEX4paTAxIMTc=
github.com/signintech/gopdf v0.9.4/go.mod h1:MrARAC6LaOgbnV6vrC5885VuoWCXazhAqx8L8zmjYy4=
